
Microsoft Visual Studio Solution File, Format Version 12.00
# Visual Studio Version 17
VisualStudioVersion = 17.2.32630.192
MinimumVisualStudioVersion = 10.0.40219.1
Project("{9A19103F-16F7-4668-BE54-9A1E7A4F7556}") = "WebAppServer.V1.Contracts", "WebAppServer.V1.Contracts\WebAppServer.V1.Contracts.csproj", "{4849FE46-765A-46B0-8C3A-749EE70BDA49}"
EndProject
Project("{9A19103F-16F7-4668-BE54-9A1E7A4F7556}") = "WebAppServer.Common", "WebAppServer.Common\WebAppServer.Common.csproj", "{780AAFBF-756E-495B-8234-7E4BD6C5B35A}"
EndProject
Project("{9A19103F-16F7-4668-BE54-9A1E7A4F7556}") = "WebAppServer.Entities", "WebAppServer.Entities\WebAppServer.Entities.csproj", "{6D18E387-E992-4EA9-923A-B3A44A327C1B}"
EndProject
Project("{9A19103F-16F7-4668-BE54-9A1E7A4F7556}") = "WebAppServer.Repository.DbUp", "WebAppServer.Repository.DbUp\WebAppServer.Repository.DbUp.csproj", "{BA91337C-C6D9-432F-A283-6A7CD53E7923}"
EndProject
Project("{9A19103F-16F7-4668-BE54-9A1E7A4F7556}") = "WebAppServer.Domain", "WebAppServer.Domain\WebAppServer.Domain.csproj", "{5F72EA36-85EE-4066-A2C5-FA43F017894C}"
EndProject
Project("{9A19103F-16F7-4668-BE54-9A1E7A4F7556}") = "WebAppServer.Repository", "WebAppServer.Repository\WebAppServer.Repository.csproj", "{19ADD7D0-C538-486A-9BE2-17195EA51648}"
EndProject
Project("{9A19103F-16F7-4668-BE54-9A1E7A4F7556}") = "WebAppServer.Autofac", "WebAppServer.Autofac\WebAppServer.Autofac.csproj", "{5628F395-0E16-48F9-A16A-BED5FDEC730A}"
EndProject
Project("{2150E333-8FDC-42A3-9474-1A3956D46DE8}") = "Tests", "Tests", "{AE69712D-B95A-47FC-8C0E-CBE0F28F0E31}"
EndProject
Project("{2150E333-8FDC-42A3-9474-1A3956D46DE8}") = "Unit", "Unit", "{7B07E3EB-7E40-41F1-A7AD-21F63ECEDC13}"
EndProject
Project("{2150E333-8FDC-42A3-9474-1A3956D46DE8}") = "Integration", "Integration", "{B409F8F9-4EB9-48E5-B557-AAAED99110F0}"
EndProject
Project("{9A19103F-16F7-4668-BE54-9A1E7A4F7556}") = "WebAppServer.Tests.Integration", "Tests\WebAppServer.Tests.Integration\WebAppServer.Tests.Integration.csproj", "{F37BE7BD-D4DA-4199-89C4-4AE5D731861D}"
EndProject
Project("{9A19103F-16F7-4668-BE54-9A1E7A4F7556}") = "WebAppServer.Tests.Unit.Domain", "Tests\WebAppServer.Tests.Unit.Domain\WebAppServer.Tests.Unit.Domain.csproj", "{B5A8E500-6273-49B6-B842-EC5B32ACF911}"
EndProject
Project("{9A19103F-16F7-4668-BE54-9A1E7A4F7556}") = "WebAppServer.Tests.Infrastructure", "Tests\WebAppServer.Tests.Infrastructure\WebAppServer.Tests.Infrastructure.csproj", "{13C74EEB-56F0-4A1A-88EF-0B8C37AED346}"
EndProject
Project("{9A19103F-16F7-4668-BE54-9A1E7A4F7556}") = "WebAppServer.Repository.Seeder", "WebAppServer.Repository.Seeder\WebAppServer.Repository.Seeder.csproj", "{F0B8BBEC-FE5A-46BA-A094-8E8E54A9F945}"
EndProject
Project("{2150E333-8FDC-42A3-9474-1A3956D46DE8}") = "Solution Items", "Solution Items", "{D732B417-580A-46E6-951C-D86455D39067}"
	ProjectSection(SolutionItems) = preProject
		.editorconfig = .editorconfig
	EndProjectSection
EndProject
Project("{9A19103F-16F7-4668-BE54-9A1E7A4F7556}") = "WebAppServer.Server", "WebAppServer.Server\WebAppServer.Server.csproj", "{504D1957-64D7-44E7-BB07-40E451310ED6}"
EndProject
Project("{FAE04EC0-301F-11D3-BF4B-00C04F79EFBC}") = "WebAppServer.Api", "WebAppServer.Api\WebAppServer.Api.csproj", "{AC7860AD-E24E-4661-A4B8-50FEAEDAEC26}"
EndProject
Global
	GlobalSection(SolutionConfigurationPlatforms) = preSolution
		Debug|Any CPU = Debug|Any CPU
		Release|Any CPU = Release|Any CPU
	EndGlobalSection
	GlobalSection(ProjectConfigurationPlatforms) = postSolution
		{4849FE46-765A-46B0-8C3A-749EE70BDA49}.Debug|Any CPU.ActiveCfg = Debug|Any CPU
		{4849FE46-765A-46B0-8C3A-749EE70BDA49}.Debug|Any CPU.Build.0 = Debug|Any CPU
		{4849FE46-765A-46B0-8C3A-749EE70BDA49}.Release|Any CPU.ActiveCfg = Release|Any CPU
		{4849FE46-765A-46B0-8C3A-749EE70BDA49}.Release|Any CPU.Build.0 = Release|Any CPU
		{780AAFBF-756E-495B-8234-7E4BD6C5B35A}.Debug|Any CPU.ActiveCfg = Debug|Any CPU
		{780AAFBF-756E-495B-8234-7E4BD6C5B35A}.Debug|Any CPU.Build.0 = Debug|Any CPU
		{780AAFBF-756E-495B-8234-7E4BD6C5B35A}.Release|Any CPU.ActiveCfg = Release|Any CPU
		{780AAFBF-756E-495B-8234-7E4BD6C5B35A}.Release|Any CPU.Build.0 = Release|Any CPU
		{6D18E387-E992-4EA9-923A-B3A44A327C1B}.Debug|Any CPU.ActiveCfg = Debug|Any CPU
		{6D18E387-E992-4EA9-923A-B3A44A327C1B}.Debug|Any CPU.Build.0 = Debug|Any CPU
		{6D18E387-E992-4EA9-923A-B3A44A327C1B}.Release|Any CPU.ActiveCfg = Release|Any CPU
		{6D18E387-E992-4EA9-923A-B3A44A327C1B}.Release|Any CPU.Build.0 = Release|Any CPU
		{BA91337C-C6D9-432F-A283-6A7CD53E7923}.Debug|Any CPU.ActiveCfg = Debug|Any CPU
		{BA91337C-C6D9-432F-A283-6A7CD53E7923}.Debug|Any CPU.Build.0 = Debug|Any CPU
		{BA91337C-C6D9-432F-A283-6A7CD53E7923}.Release|Any CPU.ActiveCfg = Release|Any CPU
		{BA91337C-C6D9-432F-A283-6A7CD53E7923}.Release|Any CPU.Build.0 = Release|Any CPU
		{5F72EA36-85EE-4066-A2C5-FA43F017894C}.Debug|Any CPU.ActiveCfg = Debug|Any CPU
		{5F72EA36-85EE-4066-A2C5-FA43F017894C}.Debug|Any CPU.Build.0 = Debug|Any CPU
		{5F72EA36-85EE-4066-A2C5-FA43F017894C}.Release|Any CPU.ActiveCfg = Release|Any CPU
		{5F72EA36-85EE-4066-A2C5-FA43F017894C}.Release|Any CPU.Build.0 = Release|Any CPU
		{19ADD7D0-C538-486A-9BE2-17195EA51648}.Debug|Any CPU.ActiveCfg = Debug|Any CPU
		{19ADD7D0-C538-486A-9BE2-17195EA51648}.Debug|Any CPU.Build.0 = Debug|Any CPU
		{19ADD7D0-C538-486A-9BE2-17195EA51648}.Release|Any CPU.ActiveCfg = Release|Any CPU
		{19ADD7D0-C538-486A-9BE2-17195EA51648}.Release|Any CPU.Build.0 = Release|Any CPU
		{5628F395-0E16-48F9-A16A-BED5FDEC730A}.Debug|Any CPU.ActiveCfg = Debug|Any CPU
		{5628F395-0E16-48F9-A16A-BED5FDEC730A}.Debug|Any CPU.Build.0 = Debug|Any CPU
		{5628F395-0E16-48F9-A16A-BED5FDEC730A}.Release|Any CPU.ActiveCfg = Release|Any CPU
		{5628F395-0E16-48F9-A16A-BED5FDEC730A}.Release|Any CPU.Build.0 = Release|Any CPU
		{F37BE7BD-D4DA-4199-89C4-4AE5D731861D}.Debug|Any CPU.ActiveCfg = Debug|Any CPU
		{F37BE7BD-D4DA-4199-89C4-4AE5D731861D}.Debug|Any CPU.Build.0 = Debug|Any CPU
		{F37BE7BD-D4DA-4199-89C4-4AE5D731861D}.Release|Any CPU.ActiveCfg = Release|Any CPU
		{F37BE7BD-D4DA-4199-89C4-4AE5D731861D}.Release|Any CPU.Build.0 = Release|Any CPU
		{B5A8E500-6273-49B6-B842-EC5B32ACF911}.Debug|Any CPU.ActiveCfg = Debug|Any CPU
		{B5A8E500-6273-49B6-B842-EC5B32ACF911}.Debug|Any CPU.Build.0 = Debug|Any CPU
		{B5A8E500-6273-49B6-B842-EC5B32ACF911}.Release|Any CPU.ActiveCfg = Release|Any CPU
		{B5A8E500-6273-49B6-B842-EC5B32ACF911}.Release|Any CPU.Build.0 = Release|Any CPU
		{13C74EEB-56F0-4A1A-88EF-0B8C37AED346}.Debug|Any CPU.ActiveCfg = Debug|Any CPU
		{13C74EEB-56F0-4A1A-88EF-0B8C37AED346}.Debug|Any CPU.Build.0 = Debug|Any CPU
		{13C74EEB-56F0-4A1A-88EF-0B8C37AED346}.Release|Any CPU.ActiveCfg = Release|Any CPU
		{13C74EEB-56F0-4A1A-88EF-0B8C37AED346}.Release|Any CPU.Build.0 = Release|Any CPU
		{F0B8BBEC-FE5A-46BA-A094-8E8E54A9F945}.Debug|Any CPU.ActiveCfg = Debug|Any CPU
		{F0B8BBEC-FE5A-46BA-A094-8E8E54A9F945}.Debug|Any CPU.Build.0 = Debug|Any CPU
		{F0B8BBEC-FE5A-46BA-A094-8E8E54A9F945}.Release|Any CPU.ActiveCfg = Release|Any CPU
		{F0B8BBEC-FE5A-46BA-A094-8E8E54A9F945}.Release|Any CPU.Build.0 = Release|Any CPU
		{504D1957-64D7-44E7-BB07-40E451310ED6}.Debug|Any CPU.ActiveCfg = Debug|Any CPU
		{504D1957-64D7-44E7-BB07-40E451310ED6}.Debug|Any CPU.Build.0 = Debug|Any CPU
		{504D1957-64D7-44E7-BB07-40E451310ED6}.Release|Any CPU.ActiveCfg = Release|Any CPU
		{504D1957-64D7-44E7-BB07-40E451310ED6}.Release|Any CPU.Build.0 = Release|Any CPU
		{AC7860AD-E24E-4661-A4B8-50FEAEDAEC26}.Debug|Any CPU.ActiveCfg = Debug|Any CPU
		{AC7860AD-E24E-4661-A4B8-50FEAEDAEC26}.Debug|Any CPU.Build.0 = Debug|Any CPU
		{AC7860AD-E24E-4661-A4B8-50FEAEDAEC26}.Release|Any CPU.ActiveCfg = Release|Any CPU
		{AC7860AD-E24E-4661-A4B8-50FEAEDAEC26}.Release|Any CPU.Build.0 = Release|Any CPU
	EndGlobalSection
	GlobalSection(SolutionProperties) = preSolution
		HideSolutionNode = FALSE
	EndGlobalSection
	GlobalSection(NestedProjects) = preSolution
		{7B07E3EB-7E40-41F1-A7AD-21F63ECEDC13} = {AE69712D-B95A-47FC-8C0E-CBE0F28F0E31}
		{B409F8F9-4EB9-48E5-B557-AAAED99110F0} = {AE69712D-B95A-47FC-8C0E-CBE0F28F0E31}
		{F37BE7BD-D4DA-4199-89C4-4AE5D731861D} = {B409F8F9-4EB9-48E5-B557-AAAED99110F0}
		{B5A8E500-6273-49B6-B842-EC5B32ACF911} = {7B07E3EB-7E40-41F1-A7AD-21F63ECEDC13}
		{13C74EEB-56F0-4A1A-88EF-0B8C37AED346} = {AE69712D-B95A-47FC-8C0E-CBE0F28F0E31}
	EndGlobalSection
	GlobalSection(ExtensibilityGlobals) = postSolution
		SolutionGuid = {3CC24BF2-EC32-42B5-BE65-2889B5BE4D65}
	EndGlobalSection
EndGlobal
